{
    "_readme": [
        "This file locks the dependencies of your project to a known state",
        "Read more about it at https://getcomposer.org/doc/01-basic-usage.md#composer-lock-the-lock-file",
        "This file is @generated automatically"
    ],
    "content-hash": "0db8fd31ec72497fb96bca260fa606d4",
    "packages": [
        {
            "name": "jclabs/importwp",
            "version": "dev-dev",
            "source": {
                "type": "git",
                "url": "C:\\Users\\james\\PhpstormProjects\\php-importer",
                "reference": "54af72d164f85647c13d5b6a50199adf4897d8aa"
            },
            "require-dev": {
                "phpunit/phpunit": ">=5.7",
                "prewk/xml-faker": "*"
            },
            "type": "project",
            "autoload": {
                "psr-4": {
                    "ImportWP\\": "src/"
                }
            },
            "authors": [
                {
                    "name": "James Collings",
                    "email": "james@jclabs.co.uk"
                }
            ],
            "description": "CSV and XML Importer",
            "time": "2018-04-11T21:37:00+00:00"
        }
    ],
    "packages-dev": [],
    "aliases": [],
    "minimum-stability": "stable",
    "stability-flags": {
        "jclabs/importwp": 20
    },
    "prefer-stable": false,
    "prefer-lowest": false,
    "platform": [],
    "platform-dev": []
}
