{
    "_readme": [
        "This file locks the dependencies of your project to a known state",
        "Read more about it at https://getcomposer.org/doc/01-basic-usage.md#composer-lock-the-lock-file",
        "This file is @generated automatically"
    ],
    "content-hash": "0f9063dd6d30685bc5448f3fd9265074",
    "packages": [
        {
            "name": "jclabs/importwp",
            "version": "dev-master",
            "source": {
                "type": "git",
                "url": "https://bitbucket.org/jcollings89/importwp-importer.git",
                "reference": "f4ad7534f64f60c558579d3558eea444122c64b2"
            },
            "require": {
                "ext-curl": "*",
                "ext-ftp": "*",
                "ext-json": "*",
                "ext-mbstring": "*",
                "php": ">=5.2.4"
            },
            "require-dev": {
                "phpunit/phpunit": ">=5.7",
                "prewk/xml-faker": "*"
            },
            "type": "project",
            "autoload": {
                "psr-4": {
                    "ImportWP\\": "src/"
                }
            },
            "authors": [
                {
                    "name": "James Collings",
                    "email": "james@jclabs.co.uk"
                }
            ],
            "description": "CSV and XML Importer",
            "time": "2018-10-22T23:03:40+00:00"
        }
    ],
    "packages-dev": [],
    "aliases": [],
    "minimum-stability": "stable",
    "stability-flags": {
        "jclabs/importwp": 20
    },
    "prefer-stable": false,
    "prefer-lowest": false,
    "platform": [],
    "platform-dev": []
}
