{
    "_readme": [
        "This file locks the dependencies of your project to a known state",
        "Read more about it at https://getcomposer.org/doc/01-basic-usage.md#composer-lock-the-lock-file",
        "This file is @generated automatically"
    ],
    "content-hash": "3d6c8cf3bc96b4513d4033e26e776ce0",
    "packages": [
        {
            "name": "jclabs/importwp",
            "version": "dev-dev",
            "source": {
                "type": "git",
                "url": "git@bitbucket.org:jcollings89/importwp-importer.git",
                "reference": "ab967f2a699d33bd95bbb742cf2281461defaef5"
            },
            "require": {
                "php": ">=5.2.4"
            },
            "require-dev": {
                "phpunit/phpunit": ">=5.7",
                "prewk/xml-faker": "*"
            },
            "type": "project",
            "autoload": {
                "psr-4": {
                    "ImportWP\\": "src/"
                }
            },
            "authors": [
                {
                    "name": "James Collings",
                    "email": "james@jclabs.co.uk"
                }
            ],
            "description": "CSV and XML Importer",
            "time": "2018-04-24T22:03:02+00:00"
        }
    ],
    "packages-dev": [],
    "aliases": [],
    "minimum-stability": "stable",
    "stability-flags": {
        "jclabs/importwp": 20
    },
    "prefer-stable": false,
    "prefer-lowest": false,
    "platform": [],
    "platform-dev": []
}
